
Microsoft Visual Studio Solution File, Format Version 12.00
# Visual Studio Version 17
VisualStudioVersion = 17.5.002.0
MinimumVisualStudioVersion = 10.0.40219.1
Project("{9A19103F-16F7-4668-BE54-9A1E7A4F7556}") = "OdataApp", "OdataApp.csproj", "{C6CA9D53-441E-46D3-8F7F-E25E6F2B9751}"
EndProject
Global
	GlobalSection(SolutionConfigurationPlatforms) = preSolution
		Debug|Any CPU = Debug|Any CPU
		Release|Any CPU = Release|Any CPU
	EndGlobalSection
	GlobalSection(ProjectConfigurationPlatforms) = postSolution
		{C6CA9D53-441E-46D3-8F7F-E25E6F2B9751}.Debug|Any CPU.ActiveCfg = Debug|Any CPU
		{C6CA9D53-441E-46D3-8F7F-E25E6F2B9751}.Debug|Any CPU.Build.0 = Debug|Any CPU
		{C6CA9D53-441E-46D3-8F7F-E25E6F2B9751}.Release|Any CPU.ActiveCfg = Release|Any CPU
		{C6CA9D53-441E-46D3-8F7F-E25E6F2B9751}.Release|Any CPU.Build.0 = Release|Any CPU
	EndGlobalSection
	GlobalSection(SolutionProperties) = preSolution
		HideSolutionNode = FALSE
	EndGlobalSection
	GlobalSection(ExtensibilityGlobals) = postSolution
		SolutionGuid = {C597AC1F-54F9-49A4-BC0F-E2C8E1421A53}
	EndGlobalSection
EndGlobal
